
Microsoft Visual Studio Solution File, Format Version 12.00
# Visual Studio Version 16
VisualStudioVersion = 16.0.31005.135
MinimumVisualStudioVersion = 10.0.40219.1
Project("{FAE04EC0-301F-11D3-BF4B-00C04F79EFBC}") = "ASPDotNET-API-MVC", "ASPDotNET-API-MVC\ASPDotNET-API-MVC.csproj", "{869EA015-D575-4539-AC2E-F3D896AFB86E}"
EndProject
Project("{FAE04EC0-301F-11D3-BF4B-00C04F79EFBC}") = "API", "API\API.csproj", "{07D9D595-05C4-4071-A54F-0E950587DB1D}"
EndProject
Global
	GlobalSection(SolutionConfigurationPlatforms) = preSolution
		Debug|Any CPU = Debug|Any CPU
		Release|Any CPU = Release|Any CPU
	EndGlobalSection
	GlobalSection(ProjectConfigurationPlatforms) = postSolution
		{869EA015-D575-4539-AC2E-F3D896AFB86E}.Debug|Any CPU.ActiveCfg = Debug|Any CPU
		{869EA015-D575-4539-AC2E-F3D896AFB86E}.Debug|Any CPU.Build.0 = Debug|Any CPU
		{869EA015-D575-4539-AC2E-F3D896AFB86E}.Release|Any CPU.ActiveCfg = Release|Any CPU
		{869EA015-D575-4539-AC2E-F3D896AFB86E}.Release|Any CPU.Build.0 = Release|Any CPU
		{07D9D595-05C4-4071-A54F-0E950587DB1D}.Debug|Any CPU.ActiveCfg = Debug|Any CPU
		{07D9D595-05C4-4071-A54F-0E950587DB1D}.Debug|Any CPU.Build.0 = Debug|Any CPU
		{07D9D595-05C4-4071-A54F-0E950587DB1D}.Release|Any CPU.ActiveCfg = Release|Any CPU
		{07D9D595-05C4-4071-A54F-0E950587DB1D}.Release|Any CPU.Build.0 = Release|Any CPU
	EndGlobalSection
	GlobalSection(SolutionProperties) = preSolution
		HideSolutionNode = FALSE
	EndGlobalSection
	GlobalSection(ExtensibilityGlobals) = postSolution
		SolutionGuid = {111CBC8C-561C-42C5-B1B4-06DC18B9187F}
	EndGlobalSection
EndGlobal
